# This file is autogenerated, do not edit; changes may be undone by the next 'dep ensure'.


[[projects]]
  name = "github.com/agtorre/gocolorize"
  packages = ["."]
  revision = "f42b554bf7f006936130c9bb4f971afd2d87f671"
  version = "v1.0.0"

[[projects]]
  name = "github.com/jinzhu/gorm"
  packages = [".","dialects/sqlite"]
  revision = "5174cc5c242a728b435ea2be8a2f7f998e15429b"
  version = "v1.0"

[[projects]]
  branch = "master"
  name = "github.com/jinzhu/inflection"
  packages = ["."]
  revision = "1c35d901db3da928c72a72d8458480cc9ade058f"

[[projects]]
  name = "github.com/klauspost/compress"
  packages = ["flate","gzip","zlib"]
  revision = "6c8db69c4b49dd4df1fff66996cf556176d0b9bf"
  version = "v1.2.1"

[[projects]]
  name = "github.com/klauspost/cpuid"
  packages = ["."]
  revision = "ae7887de9fa5d2db4eaa8174a7eff2c1ac00f2da"
  version = "v1.1"

[[projects]]
  name = "github.com/klauspost/crc32"
  packages = ["."]
  revision = "cb6bfca970f6908083f26f39a79009d608efd5cd"
  version = "v1.1"

[[projects]]
  name = "github.com/mattn/go-sqlite3"
  packages = ["."]
  revision = "ca5e3819723d8eeaf170ad510e7da1d6d2e94a08"
  version = "v1.2.0"

[[projects]]
  name = "github.com/revel/config"
  packages = ["."]
  revision = "662332b741dd464a886ab0901379c02b9bc5dc30"
  version = "v0.17"

[[projects]]
  name = "github.com/revel/modules"
  packages = ["static/app/controllers","testrunner/app","testrunner/app/controllers"]
  revision = "8c55c9a970cf5062eeb0368e809d6f27cffc28b0"
  version = "v0.17"

[[projects]]
  branch = "master"
  name = "github.com/revel/pathtree"
  packages = ["."]
  revision = "41257a1839e945fce74afd070e02bab2ea2c776a"

[[projects]]
  name = "github.com/revel/revel"
  packages = [".","testing"]
  revision = "6c8d554fd50278abe4a1c8ad50b811728d5f2a49"
  version = "v0.17.1"

[[projects]]
  branch = "master"
  name = "golang.org/x/net"
  packages = ["context","websocket"]
  revision = "66aacef3dd8a676686c7ae3716979581e8b03c47"

[[projects]]
  branch = "master"
  name = "golang.org/x/sys"
  packages = ["unix"]
  revision = "7ddbeae9ae08c6a06a59597f0c9edbc5ff2444ce"

[[projects]]
  name = "gopkg.in/fsnotify.v1"
  packages = ["."]
  revision = "629574ca2a5df945712d3079857300b5e4da0236"
  version = "v1.4.2"

[solve-meta]
  analyzer-name = "dep"
  analyzer-version = 1
  inputs-digest = "3fbca0d1e26721aaecb739a48235eeebebcc66dc233d47e4a992c5818b3cdb06"
  solver-name = "gps-cdcl"
  solver-version = 1
